// !$*UTF8*$!
{
	archiveVersion = 1;
	classes = {
	};
	objectVersion = 48;
	objects = {

/* Begin PBXBuildFile section */
		950D8B8D205FA17D0068012C /* SJTutorialSDK.h in Headers */ = {isa = PBXBuildFile; fileRef = 950D8B8B205FA17D0068012C /* SJTutorialSDK.h */; settings = {ATTRIBUTES = (Public, ); }; };
		950D8B94205FA21E0068012C /* HelloWorld.swift in Sources */ = {isa = PBXBuildFile; fileRef = 950D8B93205FA21E0068012C /* HelloWorld.swift */; };
		950D8B97205FA2930068012C /* HelloOC.h in Headers */ = {isa = PBXBuildFile; fileRef = 950D8B95205FA2930068012C /* HelloOC.h */; settings = {ATTRIBUTES = (Public, ); }; };
		950D8B98205FA2930068012C /* HelloOC.m in Sources */ = {isa = PBXBuildFile; fileRef = 950D8B96205FA2930068012C /* HelloOC.m */; };
		950D8BC0205FA69A0068012C /* SJDemoSDK.framework in Frameworks */ = {isa = PBXBuildFile; fileRef = 950D8BBF205FA69A0068012C /* SJDemoSDK.framework */; };
		950D8C13205FBBCF0068012C /* SJTutorialRes.Bundle in Resources */ = {isa = PBXBuildFile; fileRef = 950D8C12205FBBCF0068012C /* SJTutorialRes.Bundle */; };
		950D8C15205FBBE40068012C /* TutorialUtils.swift in Sources */ = {isa = PBXBuildFile; fileRef = 950D8C14205FBBE40068012C /* TutorialUtils.swift */; };
/* End PBXBuildFile section */

/* Begin PBXFileReference section */
		950D8B88205FA17D0068012C /* SJTutorialSDK.framework */ = {isa = PBXFileReference; explicitFileType = wrapper.framework; includeInIndex = 0; path = SJTutorialSDK.framework; sourceTree = BUILT_PRODUCTS_DIR; };
		950D8B8B205FA17D0068012C /* SJTutorialSDK.h */ = {isa = PBXFileReference; lastKnownFileType = sourcecode.c.h; path = SJTutorialSDK.h; sourceTree = "<group>"; };
		950D8B8C205FA17D0068012C /* Info.plist */ = {isa = PBXFileReference; lastKnownFileType = text.plist.xml; path = Info.plist; sourceTree = "<group>"; };
		950D8B93205FA21E0068012C /* HelloWorld.swift */ = {isa = PBXFileReference; lastKnownFileType = sourcecode.swift; path = HelloWorld.swift; sourceTree = "<group>"; };
		950D8B95205FA2930068012C /* HelloOC.h */ = {isa = PBXFileReference; lastKnownFileType = sourcecode.c.h; path = HelloOC.h; sourceTree = "<group>"; };
		950D8B96205FA2930068012C /* HelloOC.m */ = {isa = PBXFileReference; lastKnownFileType = sourcecode.c.objc; path = HelloOC.m; sourceTree = "<group>"; };
		950D8BBF205FA69A0068012C /* SJDemoSDK.framework */ = {isa = PBXFileReference; lastKnownFileType = wrapper.framework; path = SJDemoSDK.framework; sourceTree = "<group>"; };
		950D8C12205FBBCF0068012C /* SJTutorialRes.Bundle */ = {isa = PBXFileReference; lastKnownFileType = "wrapper.plug-in"; path = SJTutorialRes.Bundle; sourceTree = "<group>"; };
		950D8C14205FBBE40068012C /* TutorialUtils.swift */ = {isa = PBXFileReference; lastKnownFileType = sourcecode.swift; path = TutorialUtils.swift; sourceTree = "<group>"; };
/* End PBXFileReference section */

/* Begin PBXFrameworksBuildPhase section */
		950D8B84205FA17D0068012C /* Frameworks */ = {
			isa = PBXFrameworksBuildPhase;
			buildActionMask = 2147483647;
			files = (
				950D8BC0205FA69A0068012C /* SJDemoSDK.framework in Frameworks */,
			);
			runOnlyForDeploymentPostprocessing = 0;
		};
/* End PBXFrameworksBuildPhase section */

/* Begin PBXGroup section */
		950D8B7E205FA17D0068012C = {
			isa = PBXGroup;
			children = (
				950D8B8A205FA17D0068012C /* SJTutorialSDK */,
				950D8B89205FA17D0068012C /* Products */,
			);
			sourceTree = "<group>";
		};
		950D8B89205FA17D0068012C /* Products */ = {
			isa = PBXGroup;
			children = (
				950D8B88205FA17D0068012C /* SJTutorialSDK.framework */,
			);
			name = Products;
			sourceTree = "<group>";
		};
		950D8B8A205FA17D0068012C /* SJTutorialSDK */ = {
			isa = PBXGroup;
			children = (
				950D8BBF205FA69A0068012C /* SJDemoSDK.framework */,
				950D8B8B205FA17D0068012C /* SJTutorialSDK.h */,
				950D8B8C205FA17D0068012C /* Info.plist */,
				950D8B93205FA21E0068012C /* HelloWorld.swift */,
				950D8B95205FA2930068012C /* HelloOC.h */,
				950D8B96205FA2930068012C /* HelloOC.m */,
				950D8C12205FBBCF0068012C /* SJTutorialRes.Bundle */,
				950D8C14205FBBE40068012C /* TutorialUtils.swift */,
			);
			path = SJTutorialSDK;
			sourceTree = "<group>";
		};
/* End PBXGroup section */

/* Begin PBXHeadersBuildPhase section */
		950D8B85205FA17D0068012C /* Headers */ = {
			isa = PBXHeadersBuildPhase;
			buildActionMask = 2147483647;
			files = (
				950D8B8D205FA17D0068012C /* SJTutorialSDK.h in Headers */,
				950D8B97205FA2930068012C /* HelloOC.h in Headers */,
			);
			runOnlyForDeploymentPostprocessing = 0;
		};
/* End PBXHeadersBuildPhase section */

/* Begin PBXNativeTarget section */
		950D8B87205FA17D0068012C /* SJTutorialSDK */ = {
			isa = PBXNativeTarget;
			buildConfigurationList = 950D8B90205FA17D0068012C /* Build configuration list for PBXNativeTarget "SJTutorialSDK" */;
			buildPhases = (
				950D8B83205FA17D0068012C /* Sources */,
				950D8B84205FA17D0068012C /* Frameworks */,
				950D8B85205FA17D0068012C /* Headers */,
				950D8B86205FA17D0068012C /* Resources */,
			);
			buildRules = (
			);
			dependencies = (
			);
			name = SJTutorialSDK;
			productName = SJTutorialSDK;
			productReference = 950D8B88205FA17D0068012C /* SJTutorialSDK.framework */;
			productType = "com.apple.product-type.framework";
		};
/* End PBXNativeTarget section */

/* Begin PBXProject section */
		950D8B7F205FA17D0068012C /* Project object */ = {
			isa = PBXProject;
			attributes = {
				LastUpgradeCheck = 0920;
				ORGANIZATIONNAME = HHMedic;
				TargetAttributes = {
					950D8B87205FA17D0068012C = {
						CreatedOnToolsVersion = 9.2;
						LastSwiftMigration = 0920;
						ProvisioningStyle = Automatic;
					};
				};
			};
			buildConfigurationList = 950D8B82205FA17D0068012C /* Build configuration list for PBXProject "SJTutorialSDK" */;
			compatibilityVersion = "Xcode 8.0";
			developmentRegion = en;
			hasScannedForEncodings = 0;
			knownRegions = (
				en,
			);
			mainGroup = 950D8B7E205FA17D0068012C;
			productRefGroup = 950D8B89205FA17D0068012C /* Products */;
			projectDirPath = "";
			projectRoot = "";
			targets = (
				950D8B87205FA17D0068012C /* SJTutorialSDK */,
			);
		};
/* End PBXProject section */

/* Begin PBXResourcesBuildPhase section */
		950D8B86205FA17D0068012C /* Resources */ = {
			isa = PBXResourcesBuildPhase;
			buildActionMask = 2147483647;
			files = (
				950D8C13205FBBCF0068012C /* SJTutorialRes.Bundle in Resources */,
			);
			runOnlyForDeploymentPostprocessing = 0;
		};
/* End PBXResourcesBuildPhase section */

/* Begin PBXSourcesBuildPhase section */
		950D8B83205FA17D0068012C /* Sources */ = {
			isa = PBXSourcesBuildPhase;
			buildActionMask = 2147483647;
			files = (
				950D8B98205FA2930068012C /* HelloOC.m in Sources */,
				950D8C15205FBBE40068012C /* TutorialUtils.swift in Sources */,
				950D8B94205FA21E0068012C /* HelloWorld.swift in Sources */,
			);
			runOnlyForDeploymentPostprocessing = 0;
		};
/* End PBXSourcesBuildPhase section */

/* Begin XCBuildConfiguration section */
		950D8B8E205FA17D0068012C /* Debug */ = {
			isa = XCBuildConfiguration;
			buildSettings = {
				ALWAYS_SEARCH_USER_PATHS = NO;
				CLANG_ANALYZER_NONNULL = YES;
				CLANG_ANALYZER_NUMBER_OBJECT_CONVERSION = YES_AGGRESSIVE;
				CLANG_CXX_LANGUAGE_STANDARD = "gnu++14";
				CLANG_CXX_LIBRARY = "libc++";
				CLANG_ENABLE_MODULES = YES;
				CLANG_ENABLE_OBJC_ARC = YES;
				CLANG_WARN_BLOCK_CAPTURE_AUTORELEASING = YES;
				CLANG_WARN_BOOL_CONVERSION = YES;
				CLANG_WARN_COMMA = YES;
				CLANG_WARN_CONSTANT_CONVERSION = YES;
				CLANG_WARN_DIRECT_OBJC_ISA_USAGE = YES_ERROR;
				CLANG_WARN_DOCUMENTATION_COMMENTS = YES;
				CLANG_WARN_EMPTY_BODY = YES;
				CLANG_WARN_ENUM_CONVERSION = YES;
				CLANG_WARN_INFINITE_RECURSION = YES;
				CLANG_WARN_INT_CONVERSION = YES;
				CLANG_WARN_NON_LITERAL_NULL_CONVERSION = YES;
				CLANG_WARN_OBJC_LITERAL_CONVERSION = YES;
				CLANG_WARN_OBJC_ROOT_CLASS = YES_ERROR;
				CLANG_WARN_RANGE_LOOP_ANALYSIS = YES;
				CLANG_WARN_STRICT_PROTOTYPES = YES;
				CLANG_WARN_SUSPICIOUS_MOVE = YES;
				CLANG_WARN_UNGUARDED_AVAILABILITY = YES_AGGRESSIVE;
				CLANG_WARN_UNREACHABLE_CODE = YES;
				CLANG_WARN__DUPLICATE_METHOD_MATCH = YES;
				CODE_SIGN_IDENTITY = "iPhone Developer";
				COPY_PHASE_STRIP = NO;
				CURRENT_PROJECT_VERSION = 1;
				DEBUG_INFORMATION_FORMAT = dwarf;
				ENABLE_STRICT_OBJC_MSGSEND = YES;
				ENABLE_TESTABILITY = YES;
				GCC_C_LANGUAGE_STANDARD = gnu11;
				GCC_DYNAMIC_NO_PIC = NO;
				GCC_NO_COMMON_BLOCKS = YES;
				GCC_OPTIMIZATION_LEVEL = 0;
				GCC_PREPROCESSOR_DEFINITIONS = (
					"DEBUG=1",
					"$(inherited)",
				);
				GCC_WARN_64_TO_32_BIT_CONVERSION = YES;
				GCC_WARN_ABOUT_RETURN_TYPE = YES_ERROR;
				GCC_WARN_UNDECLARED_SELECTOR = YES;
				GCC_WARN_UNINITIALIZED_AUTOS = YES_AGGRESSIVE;
				GCC_WARN_UNUSED_FUNCTION = YES;
				GCC_WARN_UNUSED_VARIABLE = YES;
				IPHONEOS_DEPLOYMENT_TARGET = 11.2;
				MTL_ENABLE_DEBUG_INFO = YES;
				ONLY_ACTIVE_ARCH = YES;
				SDKROOT = iphoneos;
				SWIFT_ACTIVE_COMPILATION_CONDITIONS = DEBUG;
				SWIFT_OPTIMIZATION_LEVEL = "-Onone";
				VERSIONING_SYSTEM = "apple-generic";
				VERSION_INFO_PREFIX = "";
			};
			name = Debug;
		};
		950D8B8F205FA17D0068012C /* Release */ = {
			isa = XCBuildConfiguration;
			buildSettings = {
				ALWAYS_SEARCH_USER_PATHS = NO;
				CLANG_ANALYZER_NONNULL = YES;
				CLANG_ANALYZER_NUMBER_OBJECT_CONVERSION = YES_AGGRESSIVE;
				CLANG_CXX_LANGUAGE_STANDARD = "gnu++14";
				CLANG_CXX_LIBRARY = "libc++";
				CLANG_ENABLE_MODULES = YES;
				CLANG_ENABLE_OBJC_ARC = YES;
				CLANG_WARN_BLOCK_CAPTURE_AUTORELEASING = YES;
				CLANG_WARN_BOOL_CONVERSION = YES;
				CLANG_WARN_COMMA = YES;
				CLANG_WARN_CONSTANT_CONVERSION = YES;
				CLANG_WARN_DIRECT_OBJC_ISA_USAGE = YES_ERROR;
				CLANG_WARN_DOCUMENTATION_COMMENTS = YES;
				CLANG_WARN_EMPTY_BODY = YES;
				CLANG_WARN_ENUM_CONVERSION = YES;
				CLANG_WARN_INFINITE_RECURSION = YES;
				CLANG_WARN_INT_CONVERSION = YES;
				CLANG_WARN_NON_LITERAL_NULL_CONVERSION = YES;
				CLANG_WARN_OBJC_LITERAL_CONVERSION = YES;
				CLANG_WARN_OBJC_ROOT_CLASS = YES_ERROR;
				CLANG_WARN_RANGE_LOOP_ANALYSIS = YES;
				CLANG_WARN_STRICT_PROTOTYPES = YES;
				CLANG_WARN_SUSPICIOUS_MOVE = YES;
				CLANG_WARN_UNGUARDED_AVAILABILITY = YES_AGGRESSIVE;
				CLANG_WARN_UNREACHABLE_CODE = YES;
				CLANG_WARN__DUPLICATE_METHOD_MATCH = YES;
				CODE_SIGN_IDENTITY = "iPhone Developer";
				COPY_PHASE_STRIP = NO;
				CURRENT_PROJECT_VERSION = 1;
				DEBUG_INFORMATION_FORMAT = "dwarf-with-dsym";
				ENABLE_NS_ASSERTIONS = NO;
				ENABLE_STRICT_OBJC_MSGSEND = YES;
				GCC_C_LANGUAGE_STANDARD = gnu11;
				GCC_NO_COMMON_BLOCKS = YES;
				GCC_WARN_64_TO_32_BIT_CONVERSION = YES;
				GCC_WARN_ABOUT_RETURN_TYPE = YES_ERROR;
				GCC_WARN_UNDECLARED_SELECTOR = YES;
				GCC_WARN_UNINITIALIZED_AUTOS = YES_AGGRESSIVE;
				GCC_WARN_UNUSED_FUNCTION = YES;
				GCC_WARN_UNUSED_VARIABLE = YES;
				IPHONEOS_DEPLOYMENT_TARGET = 11.2;
				MTL_ENABLE_DEBUG_INFO = NO;
				SDKROOT = iphoneos;
				SWIFT_OPTIMIZATION_LEVEL = "-Owholemodule";
				VALIDATE_PRODUCT = YES;
				VERSIONING_SYSTEM = "apple-generic";
				VERSION_INFO_PREFIX = "";
			};
			name = Release;
		};
		950D8B91205FA17D0068012C /* Debug */ = {
			isa = XCBuildConfiguration;
			buildSettings = {
				CLANG_ENABLE_MODULES = YES;
				CODE_SIGN_IDENTITY = "";
				CODE_SIGN_STYLE = Automatic;
				DEFINES_MODULE = YES;
				DEVELOPMENT_TEAM = 773A426V2P;
				DYLIB_COMPATIBILITY_VERSION = 1;
				DYLIB_CURRENT_VERSION = 1;
				DYLIB_INSTALL_NAME_BASE = "@rpath";
				FRAMEWORK_SEARCH_PATHS = (
					"$(inherited)",
					"$(PROJECT_DIR)/SJTutorialSDK",
				);
				INFOPLIST_FILE = SJTutorialSDK/Info.plist;
				INSTALL_PATH = "$(LOCAL_LIBRARY_DIR)/Frameworks";
				LD_RUNPATH_SEARCH_PATHS = "$(inherited) @executable_path/Frameworks @loader_path/Frameworks";
				PRODUCT_BUNDLE_IDENTIFIER = "com.hh-medic.SJTutorialSDK";
				PRODUCT_NAME = "$(TARGET_NAME:c99extidentifier)";
				SKIP_INSTALL = YES;
				SWIFT_OPTIMIZATION_LEVEL = "-Onone";
				SWIFT_VERSION = 4.0;
				TARGETED_DEVICE_FAMILY = "1,2";
			};
			name = Debug;
		};
		950D8B92205FA17D0068012C /* Release */ = {
			isa = XCBuildConfiguration;
			buildSettings = {
				CLANG_ENABLE_MODULES = YES;
				CODE_SIGN_IDENTITY = "";
				CODE_SIGN_STYLE = Automatic;
				DEFINES_MODULE = YES;
				DEVELOPMENT_TEAM = 773A426V2P;
				DYLIB_COMPATIBILITY_VERSION = 1;
				DYLIB_CURRENT_VERSION = 1;
				DYLIB_INSTALL_NAME_BASE = "@rpath";
				FRAMEWORK_SEARCH_PATHS = (
					"$(inherited)",
					"$(PROJECT_DIR)/SJTutorialSDK",
				);
				INFOPLIST_FILE = SJTutorialSDK/Info.plist;
				INSTALL_PATH = "$(LOCAL_LIBRARY_DIR)/Frameworks";
				LD_RUNPATH_SEARCH_PATHS = "$(inherited) @executable_path/Frameworks @loader_path/Frameworks";
				PRODUCT_BUNDLE_IDENTIFIER = "com.hh-medic.SJTutorialSDK";
				PRODUCT_NAME = "$(TARGET_NAME:c99extidentifier)";
				SKIP_INSTALL = YES;
				SWIFT_VERSION = 4.0;
				TARGETED_DEVICE_FAMILY = "1,2";
			};
			name = Release;
		};
/* End XCBuildConfiguration section */

/* Begin XCConfigurationList section */
		950D8B82205FA17D0068012C /* Build configuration list for PBXProject "SJTutorialSDK" */ = {
			isa = XCConfigurationList;
			buildConfigurations = (
				950D8B8E205FA17D0068012C /* Debug */,
				950D8B8F205FA17D0068012C /* Release */,
			);
			defaultConfigurationIsVisible = 0;
			defaultConfigurationName = Release;
		};
		950D8B90205FA17D0068012C /* Build configuration list for PBXNativeTarget "SJTutorialSDK" */ = {
			isa = XCConfigurationList;
			buildConfigurations = (
				950D8B91205FA17D0068012C /* Debug */,
				950D8B92205FA17D0068012C /* Release */,
			);
			defaultConfigurationIsVisible = 0;
			defaultConfigurationName = Release;
		};
/* End XCConfigurationList section */
	};
	rootObject = 950D8B7F205FA17D0068012C /* Project object */;
}
